
Microsoft Visual Studio Solution File, Format Version 12.00
# Visual Studio Version 17
VisualStudioVersion = 17.13.35931.197 d17.13
MinimumVisualStudioVersion = 10.0.40219.1
Project("{FAE04EC0-301F-11D3-BF4B-00C04F79EFBC}") = "FoodOrderingSystem", "FoodOrderingSystem\FoodOrderingSystem.csproj", "{8CC7531F-3C29-4865-92FA-B263E640CDE4}"
EndProject
Project("{FAE04EC0-301F-11D3-BF4B-00C04F79EFBC}") = "FoodOrderingGrpcService", "FoodOrderingGrpcService\FoodOrderingGrpcService.csproj", "{FAD780D9-422C-4E14-B7BE-EA9C6AB510E6}"
EndProject
Project("{FAE04EC0-301F-11D3-BF4B-00C04F79EFBC}") = "SmsConsoleApp", "SmsConsoleApp\SmsConsoleApp.csproj", "{9B4E07CD-B4B0-48BB-9B37-7471769DE7A6}"
EndProject
Project("{FAE04EC0-301F-11D3-BF4B-00C04F79EFBC}") = "FoodOrdering", "FoodOrdering\FoodOrdering.csproj", "{32C75091-AA4F-4023-875D-1BED5B0B681B}"
EndProject
Global
	GlobalSection(SolutionConfigurationPlatforms) = preSolution
		Debug|Any CPU = Debug|Any CPU
		Release|Any CPU = Release|Any CPU
	EndGlobalSection
	GlobalSection(ProjectConfigurationPlatforms) = postSolution
		{8CC7531F-3C29-4865-92FA-B263E640CDE4}.Debug|Any CPU.ActiveCfg = Debug|Any CPU
		{8CC7531F-3C29-4865-92FA-B263E640CDE4}.Debug|Any CPU.Build.0 = Debug|Any CPU
		{8CC7531F-3C29-4865-92FA-B263E640CDE4}.Release|Any CPU.ActiveCfg = Release|Any CPU
		{8CC7531F-3C29-4865-92FA-B263E640CDE4}.Release|Any CPU.Build.0 = Release|Any CPU
		{FAD780D9-422C-4E14-B7BE-EA9C6AB510E6}.Debug|Any CPU.ActiveCfg = Debug|Any CPU
		{FAD780D9-422C-4E14-B7BE-EA9C6AB510E6}.Debug|Any CPU.Build.0 = Debug|Any CPU
		{FAD780D9-422C-4E14-B7BE-EA9C6AB510E6}.Release|Any CPU.ActiveCfg = Release|Any CPU
		{FAD780D9-422C-4E14-B7BE-EA9C6AB510E6}.Release|Any CPU.Build.0 = Release|Any CPU
		{9B4E07CD-B4B0-48BB-9B37-7471769DE7A6}.Debug|Any CPU.ActiveCfg = Debug|Any CPU
		{9B4E07CD-B4B0-48BB-9B37-7471769DE7A6}.Debug|Any CPU.Build.0 = Debug|Any CPU
		{9B4E07CD-B4B0-48BB-9B37-7471769DE7A6}.Release|Any CPU.ActiveCfg = Release|Any CPU
		{9B4E07CD-B4B0-48BB-9B37-7471769DE7A6}.Release|Any CPU.Build.0 = Release|Any CPU
		{32C75091-AA4F-4023-875D-1BED5B0B681B}.Debug|Any CPU.ActiveCfg = Debug|Any CPU
		{32C75091-AA4F-4023-875D-1BED5B0B681B}.Debug|Any CPU.Build.0 = Debug|Any CPU
		{32C75091-AA4F-4023-875D-1BED5B0B681B}.Release|Any CPU.ActiveCfg = Release|Any CPU
		{32C75091-AA4F-4023-875D-1BED5B0B681B}.Release|Any CPU.Build.0 = Release|Any CPU
	EndGlobalSection
	GlobalSection(SolutionProperties) = preSolution
		HideSolutionNode = FALSE
	EndGlobalSection
	GlobalSection(ExtensibilityGlobals) = postSolution
		SolutionGuid = {0657642F-3685-4CD4-8637-E7E91EF2548F}
	EndGlobalSection
EndGlobal
